// !$*UTF8*$!
{
	archiveVersion = 1;
	classes = {
	};
	objectVersion = 50;
	objects = {

/* Begin PBXBuildFile section */
		A22BBFB12530AB2700735922 /* AppDelegate.swift in Sources */ = {isa = PBXBuildFile; fileRef = A22BBFB02530AB2700735922 /* AppDelegate.swift */; };
		A22BBFB32530AB2700735922 /* SceneDelegate.swift in Sources */ = {isa = PBXBuildFile; fileRef = A22BBFB22530AB2700735922 /* SceneDelegate.swift */; };
		A22BBFB52530AB2700735922 /* ViewController.swift in Sources */ = {isa = PBXBuildFile; fileRef = A22BBFB42530AB2700735922 /* ViewController.swift */; };
		A22BBFB82530AB2700735922 /* Main.storyboard in Resources */ = {isa = PBXBuildFile; fileRef = A22BBFB62530AB2700735922 /* Main.storyboard */; };
		A22BBFBA2530AB3400735922 /* Assets.xcassets in Resources */ = {isa = PBXBuildFile; fileRef = A22BBFB92530AB3400735922 /* Assets.xcassets */; };
		A22BBFBD2530AB3400735922 /* LaunchScreen.storyboard in Resources */ = {isa = PBXBuildFile; fileRef = A22BBFBB2530AB3400735922 /* LaunchScreen.storyboard */; };
		A22BBFC82530AB3500735922 /* PassDataToAnotherTests.swift in Sources */ = {isa = PBXBuildFile; fileRef = A22BBFC72530AB3500735922 /* PassDataToAnotherTests.swift */; };
		A22BBFD32530AB3500735922 /* PassDataToAnotherUITests.swift in Sources */ = {isa = PBXBuildFile; fileRef = A22BBFD22530AB3500735922 /* PassDataToAnotherUITests.swift */; };
		A22BBFE12530D75C00735922 /* CellTableViewCell.swift in Sources */ = {isa = PBXBuildFile; fileRef = A22BBFE02530D75C00735922 /* CellTableViewCell.swift */; };
		A2F393302531DACD00AF6FC6 /* DataViewController.swift in Sources */ = {isa = PBXBuildFile; fileRef = A2F3932F2531DACD00AF6FC6 /* DataViewController.swift */; };
/* End PBXBuildFile section */

/* Begin PBXContainerItemProxy section */
		A22BBFC42530AB3500735922 /* PBXContainerItemProxy */ = {
			isa = PBXContainerItemProxy;
			containerPortal = A22BBFA52530AB2700735922 /* Project object */;
			proxyType = 1;
			remoteGlobalIDString = A22BBFAC2530AB2700735922;
			remoteInfo = PassDataToAnother;
		};
		A22BBFCF2530AB3500735922 /* PBXContainerItemProxy */ = {
			isa = PBXContainerItemProxy;
			containerPortal = A22BBFA52530AB2700735922 /* Project object */;
			proxyType = 1;
			remoteGlobalIDString = A22BBFAC2530AB2700735922;
			remoteInfo = PassDataToAnother;
		};
/* End PBXContainerItemProxy section */

/* Begin PBXFileReference section */
		A22BBFAD2530AB2700735922 /* PassDataToAnother.app */ = {isa = PBXFileReference; explicitFileType = wrapper.application; includeInIndex = 0; path = PassDataToAnother.app; sourceTree = BUILT_PRODUCTS_DIR; };
		A22BBFB02530AB2700735922 /* AppDelegate.swift */ = {isa = PBXFileReference; lastKnownFileType = sourcecode.swift; path = AppDelegate.swift; sourceTree = "<group>"; };
		A22BBFB22530AB2700735922 /* SceneDelegate.swift */ = {isa = PBXFileReference; lastKnownFileType = sourcecode.swift; path = SceneDelegate.swift; sourceTree = "<group>"; };
		A22BBFB42530AB2700735922 /* ViewController.swift */ = {isa = PBXFileReference; lastKnownFileType = sourcecode.swift; path = ViewController.swift; sourceTree = "<group>"; };
		A22BBFB72530AB2700735922 /* Base */ = {isa = PBXFileReference; lastKnownFileType = file.storyboard; name = Base; path = Base.lproj/Main.storyboard; sourceTree = "<group>"; };
		A22BBFB92530AB3400735922 /* Assets.xcassets */ = {isa = PBXFileReference; lastKnownFileType = folder.assetcatalog; path = Assets.xcassets; sourceTree = "<group>"; };
		A22BBFBC2530AB3400735922 /* Base */ = {isa = PBXFileReference; lastKnownFileType = file.storyboard; name = Base; path = Base.lproj/LaunchScreen.storyboard; sourceTree = "<group>"; };
		A22BBFBE2530AB3400735922 /* Info.plist */ = {isa = PBXFileReference; lastKnownFileType = text.plist.xml; path = Info.plist; sourceTree = "<group>"; };
		A22BBFC32530AB3500735922 /* PassDataToAnotherTests.xctest */ = {isa = PBXFileReference; explicitFileType = wrapper.cfbundle; includeInIndex = 0; path = PassDataToAnotherTests.xctest; sourceTree = BUILT_PRODUCTS_DIR; };
		A22BBFC72530AB3500735922 /* PassDataToAnotherTests.swift */ = {isa = PBXFileReference; lastKnownFileType = sourcecode.swift; path = PassDataToAnotherTests.swift; sourceTree = "<group>"; };
		A22BBFC92530AB3500735922 /* Info.plist */ = {isa = PBXFileReference; lastKnownFileType = text.plist.xml; path = Info.plist; sourceTree = "<group>"; };
		A22BBFCE2530AB3500735922 /* PassDataToAnotherUITests.xctest */ = {isa = PBXFileReference; explicitFileType = wrapper.cfbundle; includeInIndex = 0; path = PassDataToAnotherUITests.xctest; sourceTree = BUILT_PRODUCTS_DIR; };
		A22BBFD22530AB3500735922 /* PassDataToAnotherUITests.swift */ = {isa = PBXFileReference; lastKnownFileType = sourcecode.swift; path = PassDataToAnotherUITests.swift; sourceTree = "<group>"; };
		A22BBFD42530AB3500735922 /* Info.plist */ = {isa = PBXFileReference; lastKnownFileType = text.plist.xml; path = Info.plist; sourceTree = "<group>"; };
		A22BBFE02530D75C00735922 /* CellTableViewCell.swift */ = {isa = PBXFileReference; lastKnownFileType = sourcecode.swift; path = CellTableViewCell.swift; sourceTree = "<group>"; };
		A2F3932F2531DACD00AF6FC6 /* DataViewController.swift */ = {isa = PBXFileReference; lastKnownFileType = sourcecode.swift; path = DataViewController.swift; sourceTree = "<group>"; };
/* End PBXFileReference section */

/* Begin PBXFrameworksBuildPhase section */
		A22BBFAA2530AB2700735922 /* Frameworks */ = {
			isa = PBXFrameworksBuildPhase;
			buildActionMask = 2147483647;
			files = (
			);
			runOnlyForDeploymentPostprocessing = 0;
		};
		A22BBFC02530AB3500735922 /* Frameworks */ = {
			isa = PBXFrameworksBuildPhase;
			buildActionMask = 2147483647;
			files = (
			);
			runOnlyForDeploymentPostprocessing = 0;
		};
		A22BBFCB2530AB3500735922 /* Frameworks */ = {
			isa = PBXFrameworksBuildPhase;
			buildActionMask = 2147483647;
			files = (
			);
			runOnlyForDeploymentPostprocessing = 0;
		};
/* End PBXFrameworksBuildPhase section */

/* Begin PBXGroup section */
		A22BBFA42530AB2700735922 = {
			isa = PBXGroup;
			children = (
				A22BBFAF2530AB2700735922 /* PassDataToAnother */,
				A22BBFC62530AB3500735922 /* PassDataToAnotherTests */,
				A22BBFD12530AB3500735922 /* PassDataToAnotherUITests */,
				A22BBFAE2530AB2700735922 /* Products */,
			);
			sourceTree = "<group>";
		};
		A22BBFAE2530AB2700735922 /* Products */ = {
			isa = PBXGroup;
			children = (
				A22BBFAD2530AB2700735922 /* PassDataToAnother.app */,
				A22BBFC32530AB3500735922 /* PassDataToAnotherTests.xctest */,
				A22BBFCE2530AB3500735922 /* PassDataToAnotherUITests.xctest */,
			);
			name = Products;
			sourceTree = "<group>";
		};
		A22BBFAF2530AB2700735922 /* PassDataToAnother */ = {
			isa = PBXGroup;
			children = (
				A22BBFB02530AB2700735922 /* AppDelegate.swift */,
				A22BBFB22530AB2700735922 /* SceneDelegate.swift */,
				A22BBFB42530AB2700735922 /* ViewController.swift */,
				A22BBFB62530AB2700735922 /* Main.storyboard */,
				A2F3932F2531DACD00AF6FC6 /* DataViewController.swift */,
				A22BBFE02530D75C00735922 /* CellTableViewCell.swift */,
				A22BBFB92530AB3400735922 /* Assets.xcassets */,
				A22BBFBB2530AB3400735922 /* LaunchScreen.storyboard */,
				A22BBFBE2530AB3400735922 /* Info.plist */,
			);
			path = PassDataToAnother;
			sourceTree = "<group>";
		};
		A22BBFC62530AB3500735922 /* PassDataToAnotherTests */ = {
			isa = PBXGroup;
			children = (
				A22BBFC72530AB3500735922 /* PassDataToAnotherTests.swift */,
				A22BBFC92530AB3500735922 /* Info.plist */,
			);
			path = PassDataToAnotherTests;
			sourceTree = "<group>";
		};
		A22BBFD12530AB3500735922 /* PassDataToAnotherUITests */ = {
			isa = PBXGroup;
			children = (
				A22BBFD22530AB3500735922 /* PassDataToAnotherUITests.swift */,
				A22BBFD42530AB3500735922 /* Info.plist */,
			);
			path = PassDataToAnotherUITests;
			sourceTree = "<group>";
		};
/* End PBXGroup section */

/* Begin PBXNativeTarget section */
		A22BBFAC2530AB2700735922 /* PassDataToAnother */ = {
			isa = PBXNativeTarget;
			buildConfigurationList = A22BBFD72530AB3500735922 /* Build configuration list for PBXNativeTarget "PassDataToAnother" */;
			buildPhases = (
				A22BBFA92530AB2700735922 /* Sources */,
				A22BBFAA2530AB2700735922 /* Frameworks */,
				A22BBFAB2530AB2700735922 /* Resources */,
			);
			buildRules = (
			);
			dependencies = (
			);
			name = PassDataToAnother;
			productName = PassDataToAnother;
			productReference = A22BBFAD2530AB2700735922 /* PassDataToAnother.app */;
			productType = "com.apple.product-type.application";
		};
		A22BBFC22530AB3500735922 /* PassDataToAnotherTests */ = {
			isa = PBXNativeTarget;
			buildConfigurationList = A22BBFDA2530AB3500735922 /* Build configuration list for PBXNativeTarget "PassDataToAnotherTests" */;
			buildPhases = (
				A22BBFBF2530AB3500735922 /* Sources */,
				A22BBFC02530AB3500735922 /* Frameworks */,
				A22BBFC12530AB3500735922 /* Resources */,
			);
			buildRules = (
			);
			dependencies = (
				A22BBFC52530AB3500735922 /* PBXTargetDependency */,
			);
			name = PassDataToAnotherTests;
			productName = PassDataToAnotherTests;
			productReference = A22BBFC32530AB3500735922 /* PassDataToAnotherTests.xctest */;
			productType = "com.apple.product-type.bundle.unit-test";
		};
		A22BBFCD2530AB3500735922 /* PassDataToAnotherUITests */ = {
			isa = PBXNativeTarget;
			buildConfigurationList = A22BBFDD2530AB3500735922 /* Build configuration list for PBXNativeTarget "PassDataToAnotherUITests" */;
			buildPhases = (
				A22BBFCA2530AB3500735922 /* Sources */,
				A22BBFCB2530AB3500735922 /* Frameworks */,
				A22BBFCC2530AB3500735922 /* Resources */,
			);
			buildRules = (
			);
			dependencies = (
				A22BBFD02530AB3500735922 /* PBXTargetDependency */,
			);
			name = PassDataToAnotherUITests;
			productName = PassDataToAnotherUITests;
			productReference = A22BBFCE2530AB3500735922 /* PassDataToAnotherUITests.xctest */;
			productType = "com.apple.product-type.bundle.ui-testing";
		};
/* End PBXNativeTarget section */

/* Begin PBXProject section */
		A22BBFA52530AB2700735922 /* Project object */ = {
			isa = PBXProject;
			attributes = {
				LastSwiftUpdateCheck = 1160;
				LastUpgradeCheck = 1160;
				ORGANIZATIONNAME = "Hitish sharma";
				TargetAttributes = {
					A22BBFAC2530AB2700735922 = {
						CreatedOnToolsVersion = 11.6;
					};
					A22BBFC22530AB3500735922 = {
						CreatedOnToolsVersion = 11.6;
						TestTargetID = A22BBFAC2530AB2700735922;
					};
					A22BBFCD2530AB3500735922 = {
						CreatedOnToolsVersion = 11.6;
						TestTargetID = A22BBFAC2530AB2700735922;
					};
				};
			};
			buildConfigurationList = A22BBFA82530AB2700735922 /* Build configuration list for PBXProject "PassDataToAnother" */;
			compatibilityVersion = "Xcode 9.3";
			developmentRegion = en;
			hasScannedForEncodings = 0;
			knownRegions = (
				en,
				Base,
			);
			mainGroup = A22BBFA42530AB2700735922;
			productRefGroup = A22BBFAE2530AB2700735922 /* Products */;
			projectDirPath = "";
			projectRoot = "";
			targets = (
				A22BBFAC2530AB2700735922 /* PassDataToAnother */,
				A22BBFC22530AB3500735922 /* PassDataToAnotherTests */,
				A22BBFCD2530AB3500735922 /* PassDataToAnotherUITests */,
			);
		};
/* End PBXProject section */

/* Begin PBXResourcesBuildPhase section */
		A22BBFAB2530AB2700735922 /* Resources */ = {
			isa = PBXResourcesBuildPhase;
			buildActionMask = 2147483647;
			files = (
				A22BBFBD2530AB3400735922 /* LaunchScreen.storyboard in Resources */,
				A22BBFBA2530AB3400735922 /* Assets.xcassets in Resources */,
				A22BBFB82530AB2700735922 /* Main.storyboard in Resources */,
			);
			runOnlyForDeploymentPostprocessing = 0;
		};
		A22BBFC12530AB3500735922 /* Resources */ = {
			isa = PBXResourcesBuildPhase;
			buildActionMask = 2147483647;
			files = (
			);
			runOnlyForDeploymentPostprocessing = 0;
		};
		A22BBFCC2530AB3500735922 /* Resources */ = {
			isa = PBXResourcesBuildPhase;
			buildActionMask = 2147483647;
			files = (
			);
			runOnlyForDeploymentPostprocessing = 0;
		};
/* End PBXResourcesBuildPhase section */

/* Begin PBXSourcesBuildPhase section */
		A22BBFA92530AB2700735922 /* Sources */ = {
			isa = PBXSourcesBuildPhase;
			buildActionMask = 2147483647;
			files = (
				A22BBFB52530AB2700735922 /* ViewController.swift in Sources */,
				A22BBFE12530D75C00735922 /* CellTableViewCell.swift in Sources */,
				A2F393302531DACD00AF6FC6 /* DataViewController.swift in Sources */,
				A22BBFB12530AB2700735922 /* AppDelegate.swift in Sources */,
				A22BBFB32530AB2700735922 /* SceneDelegate.swift in Sources */,
			);
			runOnlyForDeploymentPostprocessing = 0;
		};
		A22BBFBF2530AB3500735922 /* Sources */ = {
			isa = PBXSourcesBuildPhase;
			buildActionMask = 2147483647;
			files = (
				A22BBFC82530AB3500735922 /* PassDataToAnotherTests.swift in Sources */,
			);
			runOnlyForDeploymentPostprocessing = 0;
		};
		A22BBFCA2530AB3500735922 /* Sources */ = {
			isa = PBXSourcesBuildPhase;
			buildActionMask = 2147483647;
			files = (
				A22BBFD32530AB3500735922 /* PassDataToAnotherUITests.swift in Sources */,
			);
			runOnlyForDeploymentPostprocessing = 0;
		};
/* End PBXSourcesBuildPhase section */

/* Begin PBXTargetDependency section */
		A22BBFC52530AB3500735922 /* PBXTargetDependency */ = {
			isa = PBXTargetDependency;
			target = A22BBFAC2530AB2700735922 /* PassDataToAnother */;
			targetProxy = A22BBFC42530AB3500735922 /* PBXContainerItemProxy */;
		};
		A22BBFD02530AB3500735922 /* PBXTargetDependency */ = {
			isa = PBXTargetDependency;
			target = A22BBFAC2530AB2700735922 /* PassDataToAnother */;
			targetProxy = A22BBFCF2530AB3500735922 /* PBXContainerItemProxy */;
		};
/* End PBXTargetDependency section */

/* Begin PBXVariantGroup section */
		A22BBFB62530AB2700735922 /* Main.storyboard */ = {
			isa = PBXVariantGroup;
			children = (
				A22BBFB72530AB2700735922 /* Base */,
			);
			name = Main.storyboard;
			sourceTree = "<group>";
		};
		A22BBFBB2530AB3400735922 /* LaunchScreen.storyboard */ = {
			isa = PBXVariantGroup;
			children = (
				A22BBFBC2530AB3400735922 /* Base */,
			);
			name = LaunchScreen.storyboard;
			sourceTree = "<group>";
		};
/* End PBXVariantGroup section */

/* Begin XCBuildConfiguration section */
		A22BBFD52530AB3500735922 /* Debug */ = {
			isa = XCBuildConfiguration;
			buildSettings = {
				ALWAYS_SEARCH_USER_PATHS = NO;
				CLANG_ANALYZER_NONNULL = YES;
				CLANG_ANALYZER_NUMBER_OBJECT_CONVERSION = YES_AGGRESSIVE;
				CLANG_CXX_LANGUAGE_STANDARD = "gnu++14";
				CLANG_CXX_LIBRARY = "libc++";
				CLANG_ENABLE_MODULES = YES;
				CLANG_ENABLE_OBJC_ARC = YES;
				CLANG_ENABLE_OBJC_WEAK = YES;
				CLANG_WARN_BLOCK_CAPTURE_AUTORELEASING = YES;
				CLANG_WARN_BOOL_CONVERSION = YES;
				CLANG_WARN_COMMA = YES;
				CLANG_WARN_CONSTANT_CONVERSION = YES;
				CLANG_WARN_DEPRECATED_OBJC_IMPLEMENTATIONS = YES;
				CLANG_WARN_DIRECT_OBJC_ISA_USAGE = YES_ERROR;
				CLANG_WARN_DOCUMENTATION_COMMENTS = YES;
				CLANG_WARN_EMPTY_BODY = YES;
				CLANG_WARN_ENUM_CONVERSION = YES;
				CLANG_WARN_INFINITE_RECURSION = YES;
				CLANG_WARN_INT_CONVERSION = YES;
				CLANG_WARN_NON_LITERAL_NULL_CONVERSION = YES;
				CLANG_WARN_OBJC_IMPLICIT_RETAIN_SELF = YES;
				CLANG_WARN_OBJC_LITERAL_CONVERSION = YES;
				CLANG_WARN_OBJC_ROOT_CLASS = YES_ERROR;
				CLANG_WARN_RANGE_LOOP_ANALYSIS = YES;
				CLANG_WARN_STRICT_PROTOTYPES = YES;
				CLANG_WARN_SUSPICIOUS_MOVE = YES;
				CLANG_WARN_UNGUARDED_AVAILABILITY = YES_AGGRESSIVE;
				CLANG_WARN_UNREACHABLE_CODE = YES;
				CLANG_WARN__DUPLICATE_METHOD_MATCH = YES;
				COPY_PHASE_STRIP = NO;
				DEBUG_INFORMATION_FORMAT = dwarf;
				ENABLE_STRICT_OBJC_MSGSEND = YES;
				ENABLE_TESTABILITY = YES;
				GCC_C_LANGUAGE_STANDARD = gnu11;
				GCC_DYNAMIC_NO_PIC = NO;
				GCC_NO_COMMON_BLOCKS = YES;
				GCC_OPTIMIZATION_LEVEL = 0;
				GCC_PREPROCESSOR_DEFINITIONS = (
					"DEBUG=1",
					"$(inherited)",
				);
				GCC_WARN_64_TO_32_BIT_CONVERSION = YES;
				GCC_WARN_ABOUT_RETURN_TYPE = YES_ERROR;
				GCC_WARN_UNDECLARED_SELECTOR = YES;
				GCC_WARN_UNINITIALIZED_AUTOS = YES_AGGRESSIVE;
				GCC_WARN_UNUSED_FUNCTION = YES;
				GCC_WARN_UNUSED_VARIABLE = YES;
				IPHONEOS_DEPLOYMENT_TARGET = 13.6;
				MTL_ENABLE_DEBUG_INFO = INCLUDE_SOURCE;
				MTL_FAST_MATH = YES;
				ONLY_ACTIVE_ARCH = YES;
				SDKROOT = iphoneos;
				SWIFT_ACTIVE_COMPILATION_CONDITIONS = DEBUG;
				SWIFT_OPTIMIZATION_LEVEL = "-Onone";
			};
			name = Debug;
		};
		A22BBFD62530AB3500735922 /* Release */ = {
			isa = XCBuildConfiguration;
			buildSettings = {
				ALWAYS_SEARCH_USER_PATHS = NO;
				CLANG_ANALYZER_NONNULL = YES;
				CLANG_ANALYZER_NUMBER_OBJECT_CONVERSION = YES_AGGRESSIVE;
				CLANG_CXX_LANGUAGE_STANDARD = "gnu++14";
				CLANG_CXX_LIBRARY = "libc++";
				CLANG_ENABLE_MODULES = YES;
				CLANG_ENABLE_OBJC_ARC = YES;
				CLANG_ENABLE_OBJC_WEAK = YES;
				CLANG_WARN_BLOCK_CAPTURE_AUTORELEASING = YES;
				CLANG_WARN_BOOL_CONVERSION = YES;
				CLANG_WARN_COMMA = YES;
				CLANG_WARN_CONSTANT_CONVERSION = YES;
				CLANG_WARN_DEPRECATED_OBJC_IMPLEMENTATIONS = YES;
				CLANG_WARN_DIRECT_OBJC_ISA_USAGE = YES_ERROR;
				CLANG_WARN_DOCUMENTATION_COMMENTS = YES;
				CLANG_WARN_EMPTY_BODY = YES;
				CLANG_WARN_ENUM_CONVERSION = YES;
				CLANG_WARN_INFINITE_RECURSION = YES;
				CLANG_WARN_INT_CONVERSION = YES;
				CLANG_WARN_NON_LITERAL_NULL_CONVERSION = YES;
				CLANG_WARN_OBJC_IMPLICIT_RETAIN_SELF = YES;
				CLANG_WARN_OBJC_LITERAL_CONVERSION = YES;
				CLANG_WARN_OBJC_ROOT_CLASS = YES_ERROR;
				CLANG_WARN_RANGE_LOOP_ANALYSIS = YES;
				CLANG_WARN_STRICT_PROTOTYPES = YES;
				CLANG_WARN_SUSPICIOUS_MOVE = YES;
				CLANG_WARN_UNGUARDED_AVAILABILITY = YES_AGGRESSIVE;
				CLANG_WARN_UNREACHABLE_CODE = YES;
				CLANG_WARN__DUPLICATE_METHOD_MATCH = YES;
				COPY_PHASE_STRIP = NO;
				DEBUG_INFORMATION_FORMAT = "dwarf-with-dsym";
				ENABLE_NS_ASSERTIONS = NO;
				ENABLE_STRICT_OBJC_MSGSEND = YES;
				GCC_C_LANGUAGE_STANDARD = gnu11;
				GCC_NO_COMMON_BLOCKS = YES;
				GCC_WARN_64_TO_32_BIT_CONVERSION = YES;
				GCC_WARN_ABOUT_RETURN_TYPE = YES_ERROR;
				GCC_WARN_UNDECLARED_SELECTOR = YES;
				GCC_WARN_UNINITIALIZED_AUTOS = YES_AGGRESSIVE;
				GCC_WARN_UNUSED_FUNCTION = YES;
				GCC_WARN_UNUSED_VARIABLE = YES;
				IPHONEOS_DEPLOYMENT_TARGET = 13.6;
				MTL_ENABLE_DEBUG_INFO = NO;
				MTL_FAST_MATH = YES;
				SDKROOT = iphoneos;
				SWIFT_COMPILATION_MODE = wholemodule;
				SWIFT_OPTIMIZATION_LEVEL = "-O";
				VALIDATE_PRODUCT = YES;
			};
			name = Release;
		};
		A22BBFD82530AB3500735922 /* Debug */ = {
			isa = XCBuildConfiguration;
			buildSettings = {
				ASSETCATALOG_COMPILER_APPICON_NAME = AppIcon;
				CODE_SIGN_STYLE = Automatic;
				INFOPLIST_FILE = PassDataToAnother/Info.plist;
				LD_RUNPATH_SEARCH_PATHS = (
					"$(inherited)",
					"@executable_path/Frameworks",
				);
				PRODUCT_BUNDLE_IDENTIFIER = learning.PassDataToAnother;
				PRODUCT_NAME = "$(TARGET_NAME)";
				SWIFT_VERSION = 5.0;
				TARGETED_DEVICE_FAMILY = "1,2";
			};
			name = Debug;
		};
		A22BBFD92530AB3500735922 /* Release */ = {
			isa = XCBuildConfiguration;
			buildSettings = {
				ASSETCATALOG_COMPILER_APPICON_NAME = AppIcon;
				CODE_SIGN_STYLE = Automatic;
				INFOPLIST_FILE = PassDataToAnother/Info.plist;
				LD_RUNPATH_SEARCH_PATHS = (
					"$(inherited)",
					"@executable_path/Frameworks",
				);
				PRODUCT_BUNDLE_IDENTIFIER = learning.PassDataToAnother;
				PRODUCT_NAME = "$(TARGET_NAME)";
				SWIFT_VERSION = 5.0;
				TARGETED_DEVICE_FAMILY = "1,2";
			};
			name = Release;
		};
		A22BBFDB2530AB3500735922 /* Debug */ = {
			isa = XCBuildConfiguration;
			buildSettings = {
				ALWAYS_EMBED_SWIFT_STANDARD_LIBRARIES = YES;
				BUNDLE_LOADER = "$(TEST_HOST)";
				CODE_SIGN_STYLE = Automatic;
				INFOPLIST_FILE = PassDataToAnotherTests/Info.plist;
				IPHONEOS_DEPLOYMENT_TARGET = 13.6;
				LD_RUNPATH_SEARCH_PATHS = (
					"$(inherited)",
					"@executable_path/Frameworks",
					"@loader_path/Frameworks",
				);
				PRODUCT_BUNDLE_IDENTIFIER = learning.PassDataToAnotherTests;
				PRODUCT_NAME = "$(TARGET_NAME)";
				SWIFT_VERSION = 5.0;
				TARGETED_DEVICE_FAMILY = "1,2";
				TEST_HOST = "$(BUILT_PRODUCTS_DIR)/PassDataToAnother.app/PassDataToAnother";
			};
			name = Debug;
		};
		A22BBFDC2530AB3500735922 /* Release */ = {
			isa = XCBuildConfiguration;
			buildSettings = {
				ALWAYS_EMBED_SWIFT_STANDARD_LIBRARIES = YES;
				BUNDLE_LOADER = "$(TEST_HOST)";
				CODE_SIGN_STYLE = Automatic;
				INFOPLIST_FILE = PassDataToAnotherTests/Info.plist;
				IPHONEOS_DEPLOYMENT_TARGET = 13.6;
				LD_RUNPATH_SEARCH_PATHS = (
					"$(inherited)",
					"@executable_path/Frameworks",
					"@loader_path/Frameworks",
				);
				PRODUCT_BUNDLE_IDENTIFIER = learning.PassDataToAnotherTests;
				PRODUCT_NAME = "$(TARGET_NAME)";
				SWIFT_VERSION = 5.0;
				TARGETED_DEVICE_FAMILY = "1,2";
				TEST_HOST = "$(BUILT_PRODUCTS_DIR)/PassDataToAnother.app/PassDataToAnother";
			};
			name = Release;
		};
		A22BBFDE2530AB3500735922 /* Debug */ = {
			isa = XCBuildConfiguration;
			buildSettings = {
				ALWAYS_EMBED_SWIFT_STANDARD_LIBRARIES = YES;
				CODE_SIGN_STYLE = Automatic;
				INFOPLIST_FILE = PassDataToAnotherUITests/Info.plist;
				LD_RUNPATH_SEARCH_PATHS = (
					"$(inherited)",
					"@executable_path/Frameworks",
					"@loader_path/Frameworks",
				);
				PRODUCT_BUNDLE_IDENTIFIER = learning.PassDataToAnotherUITests;
				PRODUCT_NAME = "$(TARGET_NAME)";
				SWIFT_VERSION = 5.0;
				TARGETED_DEVICE_FAMILY = "1,2";
				TEST_TARGET_NAME = PassDataToAnother;
			};
			name = Debug;
		};
		A22BBFDF2530AB3500735922 /* Release */ = {
			isa = XCBuildConfiguration;
			buildSettings = {
				ALWAYS_EMBED_SWIFT_STANDARD_LIBRARIES = YES;
				CODE_SIGN_STYLE = Automatic;
				INFOPLIST_FILE = PassDataToAnotherUITests/Info.plist;
				LD_RUNPATH_SEARCH_PATHS = (
					"$(inherited)",
					"@executable_path/Frameworks",
					"@loader_path/Frameworks",
				);
				PRODUCT_BUNDLE_IDENTIFIER = learning.PassDataToAnotherUITests;
				PRODUCT_NAME = "$(TARGET_NAME)";
				SWIFT_VERSION = 5.0;
				TARGETED_DEVICE_FAMILY = "1,2";
				TEST_TARGET_NAME = PassDataToAnother;
			};
			name = Release;
		};
/* End XCBuildConfiguration section */

/* Begin XCConfigurationList section */
		A22BBFA82530AB2700735922 /* Build configuration list for PBXProject "PassDataToAnother" */ = {
			isa = XCConfigurationList;
			buildConfigurations = (
				A22BBFD52530AB3500735922 /* Debug */,
				A22BBFD62530AB3500735922 /* Release */,
			);
			defaultConfigurationIsVisible = 0;
			defaultConfigurationName = Release;
		};
		A22BBFD72530AB3500735922 /* Build configuration list for PBXNativeTarget "PassDataToAnother" */ = {
			isa = XCConfigurationList;
			buildConfigurations = (
				A22BBFD82530AB3500735922 /* Debug */,
				A22BBFD92530AB3500735922 /* Release */,
			);
			defaultConfigurationIsVisible = 0;
			defaultConfigurationName = Release;
		};
		A22BBFDA2530AB3500735922 /* Build configuration list for PBXNativeTarget "PassDataToAnotherTests" */ = {
			isa = XCConfigurationList;
			buildConfigurations = (
				A22BBFDB2530AB3500735922 /* Debug */,
				A22BBFDC2530AB3500735922 /* Release */,
			);
			defaultConfigurationIsVisible = 0;
			defaultConfigurationName = Release;
		};
		A22BBFDD2530AB3500735922 /* Build configuration list for PBXNativeTarget "PassDataToAnotherUITests" */ = {
			isa = XCConfigurationList;
			buildConfigurations = (
				A22BBFDE2530AB3500735922 /* Debug */,
				A22BBFDF2530AB3500735922 /* Release */,
			);
			defaultConfigurationIsVisible = 0;
			defaultConfigurationName = Release;
		};
/* End XCConfigurationList section */
	};
	rootObject = A22BBFA52530AB2700735922 /* Project object */;
}
